
Microsoft Visual Studio Solution File, Format Version 12.00
# Visual Studio Version 17
VisualStudioVersion = 17.5.002.0
MinimumVisualStudioVersion = 10.0.40219.1
Project("{9A19103F-16F7-4668-BE54-9A1E7A4F7556}") = "ModMenu", "ModMenu.csproj", "{A7A86FC0-3DE1-42B2-87B5-5B0650033DB3}"
EndProject
Global
	GlobalSection(SolutionConfigurationPlatforms) = preSolution
		Debug|Any CPU = Debug|Any CPU
		Release|Any CPU = Release|Any CPU
	EndGlobalSection
	GlobalSection(ProjectConfigurationPlatforms) = postSolution
		{A7A86FC0-3DE1-42B2-87B5-5B0650033DB3}.Debug|Any CPU.ActiveCfg = Debug|Any CPU
		{A7A86FC0-3DE1-42B2-87B5-5B0650033DB3}.Debug|Any CPU.Build.0 = Debug|Any CPU
		{A7A86FC0-3DE1-42B2-87B5-5B0650033DB3}.Release|Any CPU.ActiveCfg = Release|Any CPU
		{A7A86FC0-3DE1-42B2-87B5-5B0650033DB3}.Release|Any CPU.Build.0 = Release|Any CPU
	EndGlobalSection
	GlobalSection(SolutionProperties) = preSolution
		HideSolutionNode = FALSE
	EndGlobalSection
	GlobalSection(ExtensibilityGlobals) = postSolution
		SolutionGuid = {AFEA2F00-8799-4C1E-876A-55DAD6F77656}
	EndGlobalSection
EndGlobal
